<?xml version="1.0" encoding="utf-8"?>
<Project ToolsVersion="4.0" xmlns="http://schemas.microsoft.com/developer/msbuild/2003">
  <ItemGroup>
    <Filter Include="MainGame">
      <UniqueIdentifier>{c39de419-bcfb-4332-979b-9bb3723972dd}</UniqueIdentifier>
    </Filter>
    <Filter Include="Manager">
      <UniqueIdentifier>{962aae93-b5a0-438f-8007-cb9a4fc9c551}</UniqueIdentifier>
    </Filter>
    <Filter Include="Manager\Sprite">
      <UniqueIdentifier>{4e531a14-2507-4eda-855a-8eadb10b492b}</UniqueIdentifier>
    </Filter>
    <Filter Include="Header">
      <UniqueIdentifier>{e32a02c7-a84d-48be-bf9c-bb32387c1617}</UniqueIdentifier>
    </Filter>
    <Filter Include="Texture">
      <UniqueIdentifier>{e462b886-a27b-40b6-9749-d816ee81fd70}</UniqueIdentifier>
    </Filter>
    <Filter Include="Texture\SingleTexture">
      <UniqueIdentifier>{c448364a-8748-4939-86c6-8499e2cbdb95}</UniqueIdentifier>
    </Filter>
    <Filter Include="Texture\MultiTexture">
      <UniqueIdentifier>{30ee950a-f93d-4a1d-a762-85135897d6c9}</UniqueIdentifier>
    </Filter>
    <Filter Include="Object">
      <UniqueIdentifier>{7e74041c-517f-4c43-a706-438bb3bfe0f6}</UniqueIdentifier>
    </Filter>
    <Filter Include="Manager\Object">
      <UniqueIdentifier>{b6b5f73a-8c5e-4361-b67f-73d7f41c5d45}</UniqueIdentifier>
    </Filter>
    <Filter Include="Manager\Time">
      <UniqueIdentifier>{9ccd9b1f-1ecf-4fe7-861f-71cf7947223c}</UniqueIdentifier>
    </Filter>
    <Filter Include="Manager\Input">
      <UniqueIdentifier>{b2b93348-78a4-45cd-a437-412ceab0db15}</UniqueIdentifier>
    </Filter>
  </ItemGroup>
  <ItemGroup>
    <ClCompile Include="MainGame.cpp">
      <Filter>MainGame</Filter>
    </ClCompile>
    <ClCompile Include="SpBasic.cpp" />
    <ClCompile Include="SpriteManager.cpp">
      <Filter>Manager\Sprite</Filter>
    </ClCompile>
    <ClCompile Include="Texture.cpp">
      <Filter>Texture</Filter>
    </ClCompile>
    <ClCompile Include="SingleTexture.cpp">
      <Filter>Texture\SingleTexture</Filter>
    </ClCompile>
    <ClCompile Include="MultiTexture.cpp">
      <Filter>Texture\MultiTexture</Filter>
    </ClCompile>
    <ClCompile Include="Object.cpp">
      <Filter>Object</Filter>
    </ClCompile>
    <ClCompile Include="ObjectManager.cpp">
      <Filter>Manager\Object</Filter>
    </ClCompile>
    <ClCompile Include="InputManager.cpp" />
  </ItemGroup>
  <ItemGroup>
    <ClInclude Include="MainGame.h">
      <Filter>MainGame</Filter>
    </ClInclude>
    <ClInclude Include="Singleton.h">
      <Filter>Header</Filter>
    </ClInclude>
    <ClInclude Include="SpriteManager.h">
      <Filter>Manager\Sprite</Filter>
    </ClInclude>
    <ClInclude Include="Texture.h">
      <Filter>Texture</Filter>
    </ClInclude>
    <ClInclude Include="stdafx.h">
      <Filter>Header</Filter>
    </ClInclude>
    <ClInclude Include="SingleTexture.h">
      <Filter>Texture\SingleTexture</Filter>
    </ClInclude>
    <ClInclude Include="MultiTexture.h">
      <Filter>Texture\MultiTexture</Filter>
    </ClInclude>
    <ClInclude Include="Object.h">
      <Filter>Object</Filter>
    </ClInclude>
    <ClInclude Include="ObjectManager.h">
      <Filter>Manager\Object</Filter>
    </ClInclude>
    <ClInclude Include="InputManager.h" />
  </ItemGroup>
</Project>